// !$*UTF8*$!
{
	archiveVersion = 1;
	classes = {
	};
	objectVersion = 56;
	objects = {

/* Begin PBXBuildFile section */
		AE3489212BEA337D003EFE4B /* AddListViewController.swift in Sources */ = {isa = PBXBuildFile; fileRef = AE3489202BEA337D003EFE4B /* AddListViewController.swift */; };
		AE51AFF12BEBB76E00108FF2 /* AddTodoListColorPickerCell.swift in Sources */ = {isa = PBXBuildFile; fileRef = AE51AFEF2BEBB76E00108FF2 /* AddTodoListColorPickerCell.swift */; };
		AE51AFF22BEBB76E00108FF2 /* AddTodoListColorPickerCell.xib in Resources */ = {isa = PBXBuildFile; fileRef = AE51AFF02BEBB76E00108FF2 /* AddTodoListColorPickerCell.xib */; };
		AE51AFF62BEBB91100108FF2 /* ColorOptionCell.swift in Sources */ = {isa = PBXBuildFile; fileRef = AE51AFF42BEBB91100108FF2 /* ColorOptionCell.swift */; };
		AE51AFF72BEBB91100108FF2 /* ColorOptionCell.xib in Resources */ = {isa = PBXBuildFile; fileRef = AE51AFF52BEBB91100108FF2 /* ColorOptionCell.xib */; };
		AE7C531A2C09E0BE0022A9AE /* MyTodosViewModel.swift in Sources */ = {isa = PBXBuildFile; fileRef = AE7C53192C09E0BE0022A9AE /* MyTodosViewModel.swift */; };
		AE7C531C2C09E94D0022A9AE /* TodoListDTO.swift in Sources */ = {isa = PBXBuildFile; fileRef = AE7C531B2C09E94D0022A9AE /* TodoListDTO.swift */; };
		AE7C531F2C09E9820022A9AE /* AddTodoListResponse.swift in Sources */ = {isa = PBXBuildFile; fileRef = AE7C531E2C09E9820022A9AE /* AddTodoListResponse.swift */; };
		AE9322252BED6986004CB1E7 /* AddTodoListIconPickerCell.swift in Sources */ = {isa = PBXBuildFile; fileRef = AE9322232BED6986004CB1E7 /* AddTodoListIconPickerCell.swift */; };
		AE9322262BED6986004CB1E7 /* AddTodoListIconPickerCell.xib in Resources */ = {isa = PBXBuildFile; fileRef = AE9322242BED6986004CB1E7 /* AddTodoListIconPickerCell.xib */; };
		AE93222A2BED6AD3004CB1E7 /* IconOptionCell.swift in Sources */ = {isa = PBXBuildFile; fileRef = AE9322282BED6AD3004CB1E7 /* IconOptionCell.swift */; };
		AE93222B2BED6AD3004CB1E7 /* IconOptionCell.xib in Resources */ = {isa = PBXBuildFile; fileRef = AE9322292BED6AD3004CB1E7 /* IconOptionCell.xib */; };
		AE9322312BED6D93004CB1E7 /* UIColor+hex.swift in Sources */ = {isa = PBXBuildFile; fileRef = AE9322302BED6D93004CB1E7 /* UIColor+hex.swift */; };
		AEDC7DE82BE4D07100FA7D2B /* TodoListCell.swift in Sources */ = {isa = PBXBuildFile; fileRef = AEDC7DE62BE4D07100FA7D2B /* TodoListCell.swift */; };
		AEDC7DE92BE4D07100FA7D2B /* TodoListCell.xib in Resources */ = {isa = PBXBuildFile; fileRef = AEDC7DE72BE4D07100FA7D2B /* TodoListCell.xib */; };
		AEDC7DEF2BE4ED2A00FA7D2B /* TodoListItemCell.swift in Sources */ = {isa = PBXBuildFile; fileRef = AEDC7DED2BE4ED2A00FA7D2B /* TodoListItemCell.swift */; };
		AEDC7DF02BE4ED2A00FA7D2B /* TodoListItemCell.xib in Resources */ = {isa = PBXBuildFile; fileRef = AEDC7DEE2BE4ED2A00FA7D2B /* TodoListItemCell.xib */; };
		AEE1E8062BE39DF90054FA50 /* AppDelegate.swift in Sources */ = {isa = PBXBuildFile; fileRef = AEE1E8052BE39DF90054FA50 /* AppDelegate.swift */; };
		AEE1E8082BE39DF90054FA50 /* SceneDelegate.swift in Sources */ = {isa = PBXBuildFile; fileRef = AEE1E8072BE39DF90054FA50 /* SceneDelegate.swift */; };
		AEE1E80D2BE39DF90054FA50 /* Base in Resources */ = {isa = PBXBuildFile; fileRef = AEE1E80C2BE39DF90054FA50 /* Base */; };
		AEE1E80F2BE39DFA0054FA50 /* Assets.xcassets in Resources */ = {isa = PBXBuildFile; fileRef = AEE1E80E2BE39DFA0054FA50 /* Assets.xcassets */; };
		AEE1E8122BE39DFA0054FA50 /* Base in Resources */ = {isa = PBXBuildFile; fileRef = AEE1E8112BE39DFA0054FA50 /* Base */; };
		AEE1E81A2BE39E280054FA50 /* MyTodosViewController.swift in Sources */ = {isa = PBXBuildFile; fileRef = AEE1E8192BE39E280054FA50 /* MyTodosViewController.swift */; };
		AEE1E81C2BE3A3900054FA50 /* TodoListViewController.swift in Sources */ = {isa = PBXBuildFile; fileRef = AEE1E81B2BE3A3900054FA50 /* TodoListViewController.swift */; };
		AEFD4C162BF3654400CBA2EB /* UIView+CornerRadius.swift in Sources */ = {isa = PBXBuildFile; fileRef = AEFD4C152BF3654400CBA2EB /* UIView+CornerRadius.swift */; };
		AEFDD45D2C05D7C10045C5AE /* TodoListRepository.swift in Sources */ = {isa = PBXBuildFile; fileRef = AEFDD45C2C05D7C10045C5AE /* TodoListRepository.swift */; };
/* End PBXBuildFile section */

/* Begin PBXFileReference section */
		AE3489202BEA337D003EFE4B /* AddListViewController.swift */ = {isa = PBXFileReference; lastKnownFileType = sourcecode.swift; path = AddListViewController.swift; sourceTree = "<group>"; };
		AE51AFEF2BEBB76E00108FF2 /* AddTodoListColorPickerCell.swift */ = {isa = PBXFileReference; lastKnownFileType = sourcecode.swift; path = AddTodoListColorPickerCell.swift; sourceTree = "<group>"; };
		AE51AFF02BEBB76E00108FF2 /* AddTodoListColorPickerCell.xib */ = {isa = PBXFileReference; lastKnownFileType = file.xib; path = AddTodoListColorPickerCell.xib; sourceTree = "<group>"; };
		AE51AFF42BEBB91100108FF2 /* ColorOptionCell.swift */ = {isa = PBXFileReference; lastKnownFileType = sourcecode.swift; path = ColorOptionCell.swift; sourceTree = "<group>"; };
		AE51AFF52BEBB91100108FF2 /* ColorOptionCell.xib */ = {isa = PBXFileReference; lastKnownFileType = file.xib; path = ColorOptionCell.xib; sourceTree = "<group>"; };
		AE7C53192C09E0BE0022A9AE /* MyTodosViewModel.swift */ = {isa = PBXFileReference; lastKnownFileType = sourcecode.swift; path = MyTodosViewModel.swift; sourceTree = "<group>"; };
		AE7C531B2C09E94D0022A9AE /* TodoListDTO.swift */ = {isa = PBXFileReference; lastKnownFileType = sourcecode.swift; path = TodoListDTO.swift; sourceTree = "<group>"; };
		AE7C531E2C09E9820022A9AE /* AddTodoListResponse.swift */ = {isa = PBXFileReference; lastKnownFileType = sourcecode.swift; path = AddTodoListResponse.swift; sourceTree = "<group>"; };
		AE9322232BED6986004CB1E7 /* AddTodoListIconPickerCell.swift */ = {isa = PBXFileReference; lastKnownFileType = sourcecode.swift; path = AddTodoListIconPickerCell.swift; sourceTree = "<group>"; };
		AE9322242BED6986004CB1E7 /* AddTodoListIconPickerCell.xib */ = {isa = PBXFileReference; lastKnownFileType = file.xib; path = AddTodoListIconPickerCell.xib; sourceTree = "<group>"; };
		AE9322282BED6AD3004CB1E7 /* IconOptionCell.swift */ = {isa = PBXFileReference; lastKnownFileType = sourcecode.swift; path = IconOptionCell.swift; sourceTree = "<group>"; };
		AE9322292BED6AD3004CB1E7 /* IconOptionCell.xib */ = {isa = PBXFileReference; lastKnownFileType = file.xib; path = IconOptionCell.xib; sourceTree = "<group>"; };
		AE9322302BED6D93004CB1E7 /* UIColor+hex.swift */ = {isa = PBXFileReference; lastKnownFileType = sourcecode.swift; path = "UIColor+hex.swift"; sourceTree = "<group>"; };
		AEDC7DE62BE4D07100FA7D2B /* TodoListCell.swift */ = {isa = PBXFileReference; lastKnownFileType = sourcecode.swift; path = TodoListCell.swift; sourceTree = "<group>"; };
		AEDC7DE72BE4D07100FA7D2B /* TodoListCell.xib */ = {isa = PBXFileReference; lastKnownFileType = file.xib; path = TodoListCell.xib; sourceTree = "<group>"; };
		AEDC7DED2BE4ED2A00FA7D2B /* TodoListItemCell.swift */ = {isa = PBXFileReference; lastKnownFileType = sourcecode.swift; path = TodoListItemCell.swift; sourceTree = "<group>"; };
		AEDC7DEE2BE4ED2A00FA7D2B /* TodoListItemCell.xib */ = {isa = PBXFileReference; lastKnownFileType = file.xib; path = TodoListItemCell.xib; sourceTree = "<group>"; };
		AEE1E8022BE39DF90054FA50 /* Todos.app */ = {isa = PBXFileReference; explicitFileType = wrapper.application; includeInIndex = 0; path = Todos.app; sourceTree = BUILT_PRODUCTS_DIR; };
		AEE1E8052BE39DF90054FA50 /* AppDelegate.swift */ = {isa = PBXFileReference; lastKnownFileType = sourcecode.swift; path = AppDelegate.swift; sourceTree = "<group>"; };
		AEE1E8072BE39DF90054FA50 /* SceneDelegate.swift */ = {isa = PBXFileReference; lastKnownFileType = sourcecode.swift; path = SceneDelegate.swift; sourceTree = "<group>"; };
		AEE1E80C2BE39DF90054FA50 /* Base */ = {isa = PBXFileReference; lastKnownFileType = file.storyboard; name = Base; path = Base.lproj/Main.storyboard; sourceTree = "<group>"; };
		AEE1E80E2BE39DFA0054FA50 /* Assets.xcassets */ = {isa = PBXFileReference; lastKnownFileType = folder.assetcatalog; path = Assets.xcassets; sourceTree = "<group>"; };
		AEE1E8112BE39DFA0054FA50 /* Base */ = {isa = PBXFileReference; lastKnownFileType = file.storyboard; name = Base; path = Base.lproj/LaunchScreen.storyboard; sourceTree = "<group>"; };
		AEE1E8132BE39DFA0054FA50 /* Info.plist */ = {isa = PBXFileReference; lastKnownFileType = text.plist.xml; path = Info.plist; sourceTree = "<group>"; };
		AEE1E8192BE39E280054FA50 /* MyTodosViewController.swift */ = {isa = PBXFileReference; lastKnownFileType = sourcecode.swift; path = MyTodosViewController.swift; sourceTree = "<group>"; };
		AEE1E81B2BE3A3900054FA50 /* TodoListViewController.swift */ = {isa = PBXFileReference; lastKnownFileType = sourcecode.swift; path = TodoListViewController.swift; sourceTree = "<group>"; };
		AEFD4C152BF3654400CBA2EB /* UIView+CornerRadius.swift */ = {isa = PBXFileReference; lastKnownFileType = sourcecode.swift; path = "UIView+CornerRadius.swift"; sourceTree = "<group>"; };
		AEFDD45C2C05D7C10045C5AE /* TodoListRepository.swift */ = {isa = PBXFileReference; lastKnownFileType = sourcecode.swift; path = TodoListRepository.swift; sourceTree = "<group>"; };
/* End PBXFileReference section */

/* Begin PBXFrameworksBuildPhase section */
		AEE1E7FF2BE39DF90054FA50 /* Frameworks */ = {
			isa = PBXFrameworksBuildPhase;
			buildActionMask = 2147483647;
			files = (
			);
			runOnlyForDeploymentPostprocessing = 0;
		};
/* End PBXFrameworksBuildPhase section */

/* Begin PBXGroup section */
		AE34891D2BEA3330003EFE4B /* MyTodos */ = {
			isa = PBXGroup;
			children = (
				AEDC7DE52BE4D00900FA7D2B /* TodoListCell */,
				AEE1E8192BE39E280054FA50 /* MyTodosViewController.swift */,
				AE7C53192C09E0BE0022A9AE /* MyTodosViewModel.swift */,
			);
			path = MyTodos;
			sourceTree = "<group>";
		};
		AE34891E2BEA334A003EFE4B /* TodoList */ = {
			isa = PBXGroup;
			children = (
				AEDC7DEA2BE4ECD900FA7D2B /* TodoListItemCell */,
				AEE1E81B2BE3A3900054FA50 /* TodoListViewController.swift */,
			);
			path = TodoList;
			sourceTree = "<group>";
		};
		AE34891F2BEA3367003EFE4B /* AddList */ = {
			isa = PBXGroup;
			children = (
				AE93221E2BED6906004CB1E7 /* AddTodoListIconPickerCell */,
				AE51AFEE2BEBB74500108FF2 /* AddTodoListColorPickerCell */,
				AE3489202BEA337D003EFE4B /* AddListViewController.swift */,
			);
			path = AddList;
			sourceTree = "<group>";
		};
		AE51AFEE2BEBB74500108FF2 /* AddTodoListColorPickerCell */ = {
			isa = PBXGroup;
			children = (
				AE51AFF32BEBB8D700108FF2 /* ColorOptionCell */,
				AE51AFEF2BEBB76E00108FF2 /* AddTodoListColorPickerCell.swift */,
				AE51AFF02BEBB76E00108FF2 /* AddTodoListColorPickerCell.xib */,
			);
			path = AddTodoListColorPickerCell;
			sourceTree = "<group>";
		};
		AE51AFF32BEBB8D700108FF2 /* ColorOptionCell */ = {
			isa = PBXGroup;
			children = (
				AE51AFF42BEBB91100108FF2 /* ColorOptionCell.swift */,
				AE51AFF52BEBB91100108FF2 /* ColorOptionCell.xib */,
			);
			path = ColorOptionCell;
			sourceTree = "<group>";
		};
		AE7C531D2C09E9680022A9AE /* Data */ = {
			isa = PBXGroup;
			children = (
				AE7C531B2C09E94D0022A9AE /* TodoListDTO.swift */,
				AE7C531E2C09E9820022A9AE /* AddTodoListResponse.swift */,
			);
			path = Data;
			sourceTree = "<group>";
		};
		AE93221E2BED6906004CB1E7 /* AddTodoListIconPickerCell */ = {
			isa = PBXGroup;
			children = (
				AE9322272BED6AA4004CB1E7 /* IconOptionCell */,
				AE9322232BED6986004CB1E7 /* AddTodoListIconPickerCell.swift */,
				AE9322242BED6986004CB1E7 /* AddTodoListIconPickerCell.xib */,
			);
			path = AddTodoListIconPickerCell;
			sourceTree = "<group>";
		};
		AE9322272BED6AA4004CB1E7 /* IconOptionCell */ = {
			isa = PBXGroup;
			children = (
				AE9322282BED6AD3004CB1E7 /* IconOptionCell.swift */,
				AE9322292BED6AD3004CB1E7 /* IconOptionCell.xib */,
			);
			path = IconOptionCell;
			sourceTree = "<group>";
		};
		AE93222C2BED6CB9004CB1E7 /* Util */ = {
			isa = PBXGroup;
			children = (
				AE9322302BED6D93004CB1E7 /* UIColor+hex.swift */,
				AEFD4C152BF3654400CBA2EB /* UIView+CornerRadius.swift */,
			);
			path = Util;
			sourceTree = "<group>";
		};
		AEDC7DE52BE4D00900FA7D2B /* TodoListCell */ = {
			isa = PBXGroup;
			children = (
				AEDC7DE62BE4D07100FA7D2B /* TodoListCell.swift */,
				AEDC7DE72BE4D07100FA7D2B /* TodoListCell.xib */,
			);
			path = TodoListCell;
			sourceTree = "<group>";
		};
		AEDC7DEA2BE4ECD900FA7D2B /* TodoListItemCell */ = {
			isa = PBXGroup;
			children = (
				AEDC7DED2BE4ED2A00FA7D2B /* TodoListItemCell.swift */,
				AEDC7DEE2BE4ED2A00FA7D2B /* TodoListItemCell.xib */,
			);
			path = TodoListItemCell;
			sourceTree = "<group>";
		};
		AEE1E7F92BE39DF90054FA50 = {
			isa = PBXGroup;
			children = (
				AEE1E8042BE39DF90054FA50 /* Todos */,
				AEE1E8032BE39DF90054FA50 /* Products */,
			);
			sourceTree = "<group>";
		};
		AEE1E8032BE39DF90054FA50 /* Products */ = {
			isa = PBXGroup;
			children = (
				AEE1E8022BE39DF90054FA50 /* Todos.app */,
			);
			name = Products;
			sourceTree = "<group>";
		};
		AEE1E8042BE39DF90054FA50 /* Todos */ = {
			isa = PBXGroup;
			children = (
				AEFDD45B2C05D7AB0045C5AE /* Networking */,
				AE93222C2BED6CB9004CB1E7 /* Util */,
				AE34891F2BEA3367003EFE4B /* AddList */,
				AE34891E2BEA334A003EFE4B /* TodoList */,
				AE34891D2BEA3330003EFE4B /* MyTodos */,
				AEE1E8052BE39DF90054FA50 /* AppDelegate.swift */,
				AEE1E8072BE39DF90054FA50 /* SceneDelegate.swift */,
				AEE1E80B2BE39DF90054FA50 /* Main.storyboard */,
				AEE1E80E2BE39DFA0054FA50 /* Assets.xcassets */,
				AEE1E8102BE39DFA0054FA50 /* LaunchScreen.storyboard */,
				AEE1E8132BE39DFA0054FA50 /* Info.plist */,
			);
			path = Todos;
			sourceTree = "<group>";
		};
		AEFDD45B2C05D7AB0045C5AE /* Networking */ = {
			isa = PBXGroup;
			children = (
				AE7C531D2C09E9680022A9AE /* Data */,
				AEFDD45C2C05D7C10045C5AE /* TodoListRepository.swift */,
			);
			path = Networking;
			sourceTree = "<group>";
		};
/* End PBXGroup section */

/* Begin PBXNativeTarget section */
		AEE1E8012BE39DF90054FA50 /* Todos */ = {
			isa = PBXNativeTarget;
			buildConfigurationList = AEE1E8162BE39DFA0054FA50 /* Build configuration list for PBXNativeTarget "Todos" */;
			buildPhases = (
				AEE1E7FE2BE39DF90054FA50 /* Sources */,
				AEE1E7FF2BE39DF90054FA50 /* Frameworks */,
				AEE1E8002BE39DF90054FA50 /* Resources */,
			);
			buildRules = (
			);
			dependencies = (
			);
			name = Todos;
			productName = Todos;
			productReference = AEE1E8022BE39DF90054FA50 /* Todos.app */;
			productType = "com.apple.product-type.application";
		};
/* End PBXNativeTarget section */

/* Begin PBXProject section */
		AEE1E7FA2BE39DF90054FA50 /* Project object */ = {
			isa = PBXProject;
			attributes = {
				BuildIndependentTargetsInParallel = 1;
				LastSwiftUpdateCheck = 1530;
				LastUpgradeCheck = 1530;
				TargetAttributes = {
					AEE1E8012BE39DF90054FA50 = {
						CreatedOnToolsVersion = 15.3;
					};
				};
			};
			buildConfigurationList = AEE1E7FD2BE39DF90054FA50 /* Build configuration list for PBXProject "Todos" */;
			compatibilityVersion = "Xcode 14.0";
			developmentRegion = en;
			hasScannedForEncodings = 0;
			knownRegions = (
				en,
				Base,
			);
			mainGroup = AEE1E7F92BE39DF90054FA50;
			productRefGroup = AEE1E8032BE39DF90054FA50 /* Products */;
			projectDirPath = "";
			projectRoot = "";
			targets = (
				AEE1E8012BE39DF90054FA50 /* Todos */,
			);
		};
/* End PBXProject section */

/* Begin PBXResourcesBuildPhase section */
		AEE1E8002BE39DF90054FA50 /* Resources */ = {
			isa = PBXResourcesBuildPhase;
			buildActionMask = 2147483647;
			files = (
				AE9322262BED6986004CB1E7 /* AddTodoListIconPickerCell.xib in Resources */,
				AEE1E80F2BE39DFA0054FA50 /* Assets.xcassets in Resources */,
				AEE1E8122BE39DFA0054FA50 /* Base in Resources */,
				AEE1E80D2BE39DF90054FA50 /* Base in Resources */,
				AE93222B2BED6AD3004CB1E7 /* IconOptionCell.xib in Resources */,
				AE51AFF72BEBB91100108FF2 /* ColorOptionCell.xib in Resources */,
				AE51AFF22BEBB76E00108FF2 /* AddTodoListColorPickerCell.xib in Resources */,
				AEDC7DF02BE4ED2A00FA7D2B /* TodoListItemCell.xib in Resources */,
				AEDC7DE92BE4D07100FA7D2B /* TodoListCell.xib in Resources */,
			);
			runOnlyForDeploymentPostprocessing = 0;
		};
/* End PBXResourcesBuildPhase section */

/* Begin PBXSourcesBuildPhase section */
		AEE1E7FE2BE39DF90054FA50 /* Sources */ = {
			isa = PBXSourcesBuildPhase;
			buildActionMask = 2147483647;
			files = (
				AE9322252BED6986004CB1E7 /* AddTodoListIconPickerCell.swift in Sources */,
				AEFDD45D2C05D7C10045C5AE /* TodoListRepository.swift in Sources */,
				AEE1E81C2BE3A3900054FA50 /* TodoListViewController.swift in Sources */,
				AEDC7DE82BE4D07100FA7D2B /* TodoListCell.swift in Sources */,
				AE3489212BEA337D003EFE4B /* AddListViewController.swift in Sources */,
				AE7C531C2C09E94D0022A9AE /* TodoListDTO.swift in Sources */,
				AE7C531F2C09E9820022A9AE /* AddTodoListResponse.swift in Sources */,
				AEDC7DEF2BE4ED2A00FA7D2B /* TodoListItemCell.swift in Sources */,
				AE51AFF62BEBB91100108FF2 /* ColorOptionCell.swift in Sources */,
				AEE1E81A2BE39E280054FA50 /* MyTodosViewController.swift in Sources */,
				AEE1E8062BE39DF90054FA50 /* AppDelegate.swift in Sources */,
				AE51AFF12BEBB76E00108FF2 /* AddTodoListColorPickerCell.swift in Sources */,
				AE9322312BED6D93004CB1E7 /* UIColor+hex.swift in Sources */,
				AEE1E8082BE39DF90054FA50 /* SceneDelegate.swift in Sources */,
				AEFD4C162BF3654400CBA2EB /* UIView+CornerRadius.swift in Sources */,
				AE7C531A2C09E0BE0022A9AE /* MyTodosViewModel.swift in Sources */,
				AE93222A2BED6AD3004CB1E7 /* IconOptionCell.swift in Sources */,
			);
			runOnlyForDeploymentPostprocessing = 0;
		};
/* End PBXSourcesBuildPhase section */

/* Begin PBXVariantGroup section */
		AEE1E80B2BE39DF90054FA50 /* Main.storyboard */ = {
			isa = PBXVariantGroup;
			children = (
				AEE1E80C2BE39DF90054FA50 /* Base */,
			);
			name = Main.storyboard;
			sourceTree = "<group>";
		};
		AEE1E8102BE39DFA0054FA50 /* LaunchScreen.storyboard */ = {
			isa = PBXVariantGroup;
			children = (
				AEE1E8112BE39DFA0054FA50 /* Base */,
			);
			name = LaunchScreen.storyboard;
			sourceTree = "<group>";
		};
/* End PBXVariantGroup section */

/* Begin XCBuildConfiguration section */
		AEE1E8142BE39DFA0054FA50 /* Debug */ = {
			isa = XCBuildConfiguration;
			buildSettings = {
				ALWAYS_SEARCH_USER_PATHS = NO;
				ASSETCATALOG_COMPILER_GENERATE_SWIFT_ASSET_SYMBOL_EXTENSIONS = YES;
				CLANG_ANALYZER_NONNULL = YES;
				CLANG_ANALYZER_NUMBER_OBJECT_CONVERSION = YES_AGGRESSIVE;
				CLANG_CXX_LANGUAGE_STANDARD = "gnu++20";
				CLANG_ENABLE_MODULES = YES;
				CLANG_ENABLE_OBJC_ARC = YES;
				CLANG_ENABLE_OBJC_WEAK = YES;
				CLANG_WARN_BLOCK_CAPTURE_AUTORELEASING = YES;
				CLANG_WARN_BOOL_CONVERSION = YES;
				CLANG_WARN_COMMA = YES;
				CLANG_WARN_CONSTANT_CONVERSION = YES;
				CLANG_WARN_DEPRECATED_OBJC_IMPLEMENTATIONS = YES;
				CLANG_WARN_DIRECT_OBJC_ISA_USAGE = YES_ERROR;
				CLANG_WARN_DOCUMENTATION_COMMENTS = YES;
				CLANG_WARN_EMPTY_BODY = YES;
				CLANG_WARN_ENUM_CONVERSION = YES;
				CLANG_WARN_INFINITE_RECURSION = YES;
				CLANG_WARN_INT_CONVERSION = YES;
				CLANG_WARN_NON_LITERAL_NULL_CONVERSION = YES;
				CLANG_WARN_OBJC_IMPLICIT_RETAIN_SELF = YES;
				CLANG_WARN_OBJC_LITERAL_CONVERSION = YES;
				CLANG_WARN_OBJC_ROOT_CLASS = YES_ERROR;
				CLANG_WARN_QUOTED_INCLUDE_IN_FRAMEWORK_HEADER = YES;
				CLANG_WARN_RANGE_LOOP_ANALYSIS = YES;
				CLANG_WARN_STRICT_PROTOTYPES = YES;
				CLANG_WARN_SUSPICIOUS_MOVE = YES;
				CLANG_WARN_UNGUARDED_AVAILABILITY = YES_AGGRESSIVE;
				CLANG_WARN_UNREACHABLE_CODE = YES;
				CLANG_WARN__DUPLICATE_METHOD_MATCH = YES;
				COPY_PHASE_STRIP = NO;
				DEBUG_INFORMATION_FORMAT = dwarf;
				ENABLE_STRICT_OBJC_MSGSEND = YES;
				ENABLE_TESTABILITY = YES;
				ENABLE_USER_SCRIPT_SANDBOXING = YES;
				GCC_C_LANGUAGE_STANDARD = gnu17;
				GCC_DYNAMIC_NO_PIC = NO;
				GCC_NO_COMMON_BLOCKS = YES;
				GCC_OPTIMIZATION_LEVEL = 0;
				GCC_PREPROCESSOR_DEFINITIONS = (
					"DEBUG=1",
					"$(inherited)",
				);
				GCC_WARN_64_TO_32_BIT_CONVERSION = YES;
				GCC_WARN_ABOUT_RETURN_TYPE = YES_ERROR;
				GCC_WARN_UNDECLARED_SELECTOR = YES;
				GCC_WARN_UNINITIALIZED_AUTOS = YES_AGGRESSIVE;
				GCC_WARN_UNUSED_FUNCTION = YES;
				GCC_WARN_UNUSED_VARIABLE = YES;
				IPHONEOS_DEPLOYMENT_TARGET = 17.4;
				LOCALIZATION_PREFERS_STRING_CATALOGS = YES;
				MTL_ENABLE_DEBUG_INFO = INCLUDE_SOURCE;
				MTL_FAST_MATH = YES;
				ONLY_ACTIVE_ARCH = YES;
				SDKROOT = iphoneos;
				SWIFT_ACTIVE_COMPILATION_CONDITIONS = "DEBUG $(inherited)";
				SWIFT_OPTIMIZATION_LEVEL = "-Onone";
			};
			name = Debug;
		};
		AEE1E8152BE39DFA0054FA50 /* Release */ = {
			isa = XCBuildConfiguration;
			buildSettings = {
				ALWAYS_SEARCH_USER_PATHS = NO;
				ASSETCATALOG_COMPILER_GENERATE_SWIFT_ASSET_SYMBOL_EXTENSIONS = YES;
				CLANG_ANALYZER_NONNULL = YES;
				CLANG_ANALYZER_NUMBER_OBJECT_CONVERSION = YES_AGGRESSIVE;
				CLANG_CXX_LANGUAGE_STANDARD = "gnu++20";
				CLANG_ENABLE_MODULES = YES;
				CLANG_ENABLE_OBJC_ARC = YES;
				CLANG_ENABLE_OBJC_WEAK = YES;
				CLANG_WARN_BLOCK_CAPTURE_AUTORELEASING = YES;
				CLANG_WARN_BOOL_CONVERSION = YES;
				CLANG_WARN_COMMA = YES;
				CLANG_WARN_CONSTANT_CONVERSION = YES;
				CLANG_WARN_DEPRECATED_OBJC_IMPLEMENTATIONS = YES;
				CLANG_WARN_DIRECT_OBJC_ISA_USAGE = YES_ERROR;
				CLANG_WARN_DOCUMENTATION_COMMENTS = YES;
				CLANG_WARN_EMPTY_BODY = YES;
				CLANG_WARN_ENUM_CONVERSION = YES;
				CLANG_WARN_INFINITE_RECURSION = YES;
				CLANG_WARN_INT_CONVERSION = YES;
				CLANG_WARN_NON_LITERAL_NULL_CONVERSION = YES;
				CLANG_WARN_OBJC_IMPLICIT_RETAIN_SELF = YES;
				CLANG_WARN_OBJC_LITERAL_CONVERSION = YES;
				CLANG_WARN_OBJC_ROOT_CLASS = YES_ERROR;
				CLANG_WARN_QUOTED_INCLUDE_IN_FRAMEWORK_HEADER = YES;
				CLANG_WARN_RANGE_LOOP_ANALYSIS = YES;
				CLANG_WARN_STRICT_PROTOTYPES = YES;
				CLANG_WARN_SUSPICIOUS_MOVE = YES;
				CLANG_WARN_UNGUARDED_AVAILABILITY = YES_AGGRESSIVE;
				CLANG_WARN_UNREACHABLE_CODE = YES;
				CLANG_WARN__DUPLICATE_METHOD_MATCH = YES;
				COPY_PHASE_STRIP = NO;
				DEBUG_INFORMATION_FORMAT = "dwarf-with-dsym";
				ENABLE_NS_ASSERTIONS = NO;
				ENABLE_STRICT_OBJC_MSGSEND = YES;
				ENABLE_USER_SCRIPT_SANDBOXING = YES;
				GCC_C_LANGUAGE_STANDARD = gnu17;
				GCC_NO_COMMON_BLOCKS = YES;
				GCC_WARN_64_TO_32_BIT_CONVERSION = YES;
				GCC_WARN_ABOUT_RETURN_TYPE = YES_ERROR;
				GCC_WARN_UNDECLARED_SELECTOR = YES;
				GCC_WARN_UNINITIALIZED_AUTOS = YES_AGGRESSIVE;
				GCC_WARN_UNUSED_FUNCTION = YES;
				GCC_WARN_UNUSED_VARIABLE = YES;
				IPHONEOS_DEPLOYMENT_TARGET = 17.4;
				LOCALIZATION_PREFERS_STRING_CATALOGS = YES;
				MTL_ENABLE_DEBUG_INFO = NO;
				MTL_FAST_MATH = YES;
				SDKROOT = iphoneos;
				SWIFT_COMPILATION_MODE = wholemodule;
				VALIDATE_PRODUCT = YES;
			};
			name = Release;
		};
		AEE1E8172BE39DFA0054FA50 /* Debug */ = {
			isa = XCBuildConfiguration;
			buildSettings = {
				ASSETCATALOG_COMPILER_APPICON_NAME = AppIcon;
				ASSETCATALOG_COMPILER_GLOBAL_ACCENT_COLOR_NAME = AccentColor;
				CODE_SIGN_STYLE = Automatic;
				CURRENT_PROJECT_VERSION = 1;
				DEVELOPMENT_TEAM = J7US55UYJ3;
				GENERATE_INFOPLIST_FILE = YES;
				INFOPLIST_FILE = Todos/Info.plist;
				INFOPLIST_KEY_UIApplicationSupportsIndirectInputEvents = YES;
				INFOPLIST_KEY_UILaunchStoryboardName = LaunchScreen;
				INFOPLIST_KEY_UIMainStoryboardFile = Main;
				INFOPLIST_KEY_UISupportedInterfaceOrientations_iPad = "UIInterfaceOrientationPortrait UIInterfaceOrientationPortraitUpsideDown UIInterfaceOrientationLandscapeLeft UIInterfaceOrientationLandscapeRight";
				INFOPLIST_KEY_UISupportedInterfaceOrientations_iPhone = "UIInterfaceOrientationPortrait UIInterfaceOrientationLandscapeLeft UIInterfaceOrientationLandscapeRight";
				LD_RUNPATH_SEARCH_PATHS = (
					"$(inherited)",
					"@executable_path/Frameworks",
				);
				MARKETING_VERSION = 1.0;
				PRODUCT_BUNDLE_IDENTIFIER = com.piotrantkiewicz.Todos;
				PRODUCT_NAME = "$(TARGET_NAME)";
				SWIFT_EMIT_LOC_STRINGS = YES;
				SWIFT_VERSION = 5.0;
				TARGETED_DEVICE_FAMILY = "1,2";
			};
			name = Debug;
		};
		AEE1E8182BE39DFA0054FA50 /* Release */ = {
			isa = XCBuildConfiguration;
			buildSettings = {
				ASSETCATALOG_COMPILER_APPICON_NAME = AppIcon;
				ASSETCATALOG_COMPILER_GLOBAL_ACCENT_COLOR_NAME = AccentColor;
				CODE_SIGN_STYLE = Automatic;
				CURRENT_PROJECT_VERSION = 1;
				DEVELOPMENT_TEAM = J7US55UYJ3;
				GENERATE_INFOPLIST_FILE = YES;
				INFOPLIST_FILE = Todos/Info.plist;
				INFOPLIST_KEY_UIApplicationSupportsIndirectInputEvents = YES;
				INFOPLIST_KEY_UILaunchStoryboardName = LaunchScreen;
				INFOPLIST_KEY_UIMainStoryboardFile = Main;
				INFOPLIST_KEY_UISupportedInterfaceOrientations_iPad = "UIInterfaceOrientationPortrait UIInterfaceOrientationPortraitUpsideDown UIInterfaceOrientationLandscapeLeft UIInterfaceOrientationLandscapeRight";
				INFOPLIST_KEY_UISupportedInterfaceOrientations_iPhone = "UIInterfaceOrientationPortrait UIInterfaceOrientationLandscapeLeft UIInterfaceOrientationLandscapeRight";
				LD_RUNPATH_SEARCH_PATHS = (
					"$(inherited)",
					"@executable_path/Frameworks",
				);
				MARKETING_VERSION = 1.0;
				PRODUCT_BUNDLE_IDENTIFIER = com.piotrantkiewicz.Todos;
				PRODUCT_NAME = "$(TARGET_NAME)";
				SWIFT_EMIT_LOC_STRINGS = YES;
				SWIFT_VERSION = 5.0;
				TARGETED_DEVICE_FAMILY = "1,2";
			};
			name = Release;
		};
/* End XCBuildConfiguration section */

/* Begin XCConfigurationList section */
		AEE1E7FD2BE39DF90054FA50 /* Build configuration list for PBXProject "Todos" */ = {
			isa = XCConfigurationList;
			buildConfigurations = (
				AEE1E8142BE39DFA0054FA50 /* Debug */,
				AEE1E8152BE39DFA0054FA50 /* Release */,
			);
			defaultConfigurationIsVisible = 0;
			defaultConfigurationName = Release;
		};
		AEE1E8162BE39DFA0054FA50 /* Build configuration list for PBXNativeTarget "Todos" */ = {
			isa = XCConfigurationList;
			buildConfigurations = (
				AEE1E8172BE39DFA0054FA50 /* Debug */,
				AEE1E8182BE39DFA0054FA50 /* Release */,
			);
			defaultConfigurationIsVisible = 0;
			defaultConfigurationName = Release;
		};
/* End XCConfigurationList section */
	};
	rootObject = AEE1E7FA2BE39DF90054FA50 /* Project object */;
}
